
Microsoft Visual Studio Solution File, Format Version 12.00
# Visual Studio Version 18
VisualStudioVersion = 18.3.11520.95 d18.3
MinimumVisualStudioVersion = 10.0.40219.1
Project("{FAE04EC0-301F-11D3-BF4B-00C04F79EFBC}") = "06_Patienten", "06_Patienten.csproj", "{A2C04BCF-D412-BA3D-A61F-196EDE7237DA}"
EndProject
Global
	GlobalSection(SolutionConfigurationPlatforms) = preSolution
		Debug|Any CPU = Debug|Any CPU
		Release|Any CPU = Release|Any CPU
	EndGlobalSection
	GlobalSection(ProjectConfigurationPlatforms) = postSolution
		{A2C04BCF-D412-BA3D-A61F-196EDE7237DA}.Debug|Any CPU.ActiveCfg = Debug|Any CPU
		{A2C04BCF-D412-BA3D-A61F-196EDE7237DA}.Debug|Any CPU.Build.0 = Debug|Any CPU
		{A2C04BCF-D412-BA3D-A61F-196EDE7237DA}.Release|Any CPU.ActiveCfg = Release|Any CPU
		{A2C04BCF-D412-BA3D-A61F-196EDE7237DA}.Release|Any CPU.Build.0 = Release|Any CPU
	EndGlobalSection
	GlobalSection(SolutionProperties) = preSolution
		HideSolutionNode = FALSE
	EndGlobalSection
	GlobalSection(ExtensibilityGlobals) = postSolution
		SolutionGuid = {12F04559-49EB-4E90-A992-8FB8D3DFB661}
	EndGlobalSection
EndGlobal
